
Microsoft Visual Studio Solution File, Format Version 12.00
# Visual Studio Version 17
VisualStudioVersion = 17.0.31903.59
MinimumVisualStudioVersion = 10.0.40219.1
Project("{FAE04EC0-301F-11D3-BF4B-00C04F79EFBC}") = "cSharpProjectBeginner", "cSharpProjectBeginner\cSharpProjectBeginner.csproj", "{F51252F0-E4B2-49A7-A69C-987030410046}"
EndProject
Project("{FAE04EC0-301F-11D3-BF4B-00C04F79EFBC}") = "calculator", "calculator\calculator.csproj", "{FCC198C7-FB57-4DC4-896A-E64F7343E5FB}"
EndProject
Project("{FAE04EC0-301F-11D3-BF4B-00C04F79EFBC}") = "guess-number", "guess-number\guess-number.csproj", "{1E87BEB3-99C6-4E28-88D2-1B03EB1884C9}"
EndProject
Project("{FAE04EC0-301F-11D3-BF4B-00C04F79EFBC}") = "contact-book-application", "contact-book-application\contact-book-application.csproj", "{98152E9F-6D05-42A1-97E4-734F3A40D5B7}"
EndProject
Project("{FAE04EC0-301F-11D3-BF4B-00C04F79EFBC}") = "Tests", "calculator.Tests\Tests.csproj", "{67BF7233-D17D-47C8-A76C-BA071C3EADA1}"
EndProject
Project("{FAE04EC0-301F-11D3-BF4B-00C04F79EFBC}") = "bank-account-system", "bank-account-system\bank-account-system.csproj", "{DC89944C-0354-42D2-89E5-336846756B6A}"
EndProject
Project("{FAE04EC0-301F-11D3-BF4B-00C04F79EFBC}") = "word-counter", "word-counter\word-counter.csproj", "{87A076DA-9C49-430B-A847-A0D5B9C7F599}"
EndProject
Project("{FAE04EC0-301F-11D3-BF4B-00C04F79EFBC}") = "temperature-converter", "temperature-converter\temperature-converter.csproj", "{D65E43CA-9907-46F2-B9BC-B754204EFA60}"
EndProject
Project("{FAE04EC0-301F-11D3-BF4B-00C04F79EFBC}") = "palindrome-checker", "palindrome-checker\palindrome-checker.csproj", "{7DDA2F42-8DBD-4204-B972-95B24BF8502E}"
EndProject
Project("{FAE04EC0-301F-11D3-BF4B-00C04F79EFBC}") = "text-based-rpg", "text-based-rpg\text-based-rpg.csproj", "{67021855-1A91-4115-9A17-4111085FE5BB}"
EndProject
Project("{FAE04EC0-301F-11D3-BF4B-00C04F79EFBC}") = "password-generator", "password-generator\password-generator.csproj", "{27172137-82D1-4DC9-A8D9-93F62C31D7E9}"
EndProject
Project("{FAE04EC0-301F-11D3-BF4B-00C04F79EFBC}") = "file-encryption-decryption", "file-encryption-decryption\file-encryption-decryption.csproj", "{D3E506AD-9820-4BF6-B96A-73F0F1F4B3C4}"
EndProject
Project("{FAE04EC0-301F-11D3-BF4B-00C04F79EFBC}") = "currency-converter", "currency-converter\currency-converter.csproj", "{52948487-FC25-4C6B-88B6-EAC134D4626C}"
EndProject
Global
	GlobalSection(SolutionConfigurationPlatforms) = preSolution
		Debug|Any CPU = Debug|Any CPU
		Release|Any CPU = Release|Any CPU
	EndGlobalSection
	GlobalSection(SolutionProperties) = preSolution
		HideSolutionNode = FALSE
	EndGlobalSection
	GlobalSection(ProjectConfigurationPlatforms) = postSolution
		{F51252F0-E4B2-49A7-A69C-987030410046}.Debug|Any CPU.ActiveCfg = Debug|Any CPU
		{F51252F0-E4B2-49A7-A69C-987030410046}.Debug|Any CPU.Build.0 = Debug|Any CPU
		{F51252F0-E4B2-49A7-A69C-987030410046}.Release|Any CPU.ActiveCfg = Release|Any CPU
		{F51252F0-E4B2-49A7-A69C-987030410046}.Release|Any CPU.Build.0 = Release|Any CPU
		{FCC198C7-FB57-4DC4-896A-E64F7343E5FB}.Debug|Any CPU.ActiveCfg = Debug|Any CPU
		{FCC198C7-FB57-4DC4-896A-E64F7343E5FB}.Debug|Any CPU.Build.0 = Debug|Any CPU
		{FCC198C7-FB57-4DC4-896A-E64F7343E5FB}.Release|Any CPU.ActiveCfg = Release|Any CPU
		{FCC198C7-FB57-4DC4-896A-E64F7343E5FB}.Release|Any CPU.Build.0 = Release|Any CPU
		{1E87BEB3-99C6-4E28-88D2-1B03EB1884C9}.Debug|Any CPU.ActiveCfg = Debug|Any CPU
		{1E87BEB3-99C6-4E28-88D2-1B03EB1884C9}.Debug|Any CPU.Build.0 = Debug|Any CPU
		{1E87BEB3-99C6-4E28-88D2-1B03EB1884C9}.Release|Any CPU.ActiveCfg = Release|Any CPU
		{1E87BEB3-99C6-4E28-88D2-1B03EB1884C9}.Release|Any CPU.Build.0 = Release|Any CPU
		{98152E9F-6D05-42A1-97E4-734F3A40D5B7}.Debug|Any CPU.ActiveCfg = Debug|Any CPU
		{98152E9F-6D05-42A1-97E4-734F3A40D5B7}.Debug|Any CPU.Build.0 = Debug|Any CPU
		{98152E9F-6D05-42A1-97E4-734F3A40D5B7}.Release|Any CPU.ActiveCfg = Release|Any CPU
		{98152E9F-6D05-42A1-97E4-734F3A40D5B7}.Release|Any CPU.Build.0 = Release|Any CPU
		{67BF7233-D17D-47C8-A76C-BA071C3EADA1}.Debug|Any CPU.ActiveCfg = Debug|Any CPU
		{67BF7233-D17D-47C8-A76C-BA071C3EADA1}.Debug|Any CPU.Build.0 = Debug|Any CPU
		{67BF7233-D17D-47C8-A76C-BA071C3EADA1}.Release|Any CPU.ActiveCfg = Release|Any CPU
		{67BF7233-D17D-47C8-A76C-BA071C3EADA1}.Release|Any CPU.Build.0 = Release|Any CPU
		{DC89944C-0354-42D2-89E5-336846756B6A}.Debug|Any CPU.ActiveCfg = Debug|Any CPU
		{DC89944C-0354-42D2-89E5-336846756B6A}.Debug|Any CPU.Build.0 = Debug|Any CPU
		{DC89944C-0354-42D2-89E5-336846756B6A}.Release|Any CPU.ActiveCfg = Release|Any CPU
		{DC89944C-0354-42D2-89E5-336846756B6A}.Release|Any CPU.Build.0 = Release|Any CPU
		{87A076DA-9C49-430B-A847-A0D5B9C7F599}.Debug|Any CPU.ActiveCfg = Debug|Any CPU
		{87A076DA-9C49-430B-A847-A0D5B9C7F599}.Debug|Any CPU.Build.0 = Debug|Any CPU
		{87A076DA-9C49-430B-A847-A0D5B9C7F599}.Release|Any CPU.ActiveCfg = Release|Any CPU
		{87A076DA-9C49-430B-A847-A0D5B9C7F599}.Release|Any CPU.Build.0 = Release|Any CPU
		{D65E43CA-9907-46F2-B9BC-B754204EFA60}.Debug|Any CPU.ActiveCfg = Debug|Any CPU
		{D65E43CA-9907-46F2-B9BC-B754204EFA60}.Debug|Any CPU.Build.0 = Debug|Any CPU
		{D65E43CA-9907-46F2-B9BC-B754204EFA60}.Release|Any CPU.ActiveCfg = Release|Any CPU
		{D65E43CA-9907-46F2-B9BC-B754204EFA60}.Release|Any CPU.Build.0 = Release|Any CPU
		{7DDA2F42-8DBD-4204-B972-95B24BF8502E}.Debug|Any CPU.ActiveCfg = Debug|Any CPU
		{7DDA2F42-8DBD-4204-B972-95B24BF8502E}.Debug|Any CPU.Build.0 = Debug|Any CPU
		{7DDA2F42-8DBD-4204-B972-95B24BF8502E}.Release|Any CPU.ActiveCfg = Release|Any CPU
		{7DDA2F42-8DBD-4204-B972-95B24BF8502E}.Release|Any CPU.Build.0 = Release|Any CPU
		{67021855-1A91-4115-9A17-4111085FE5BB}.Debug|Any CPU.ActiveCfg = Debug|Any CPU
		{67021855-1A91-4115-9A17-4111085FE5BB}.Debug|Any CPU.Build.0 = Debug|Any CPU
		{67021855-1A91-4115-9A17-4111085FE5BB}.Release|Any CPU.ActiveCfg = Release|Any CPU
		{67021855-1A91-4115-9A17-4111085FE5BB}.Release|Any CPU.Build.0 = Release|Any CPU
		{27172137-82D1-4DC9-A8D9-93F62C31D7E9}.Debug|Any CPU.ActiveCfg = Debug|Any CPU
		{27172137-82D1-4DC9-A8D9-93F62C31D7E9}.Debug|Any CPU.Build.0 = Debug|Any CPU
		{27172137-82D1-4DC9-A8D9-93F62C31D7E9}.Release|Any CPU.ActiveCfg = Release|Any CPU
		{27172137-82D1-4DC9-A8D9-93F62C31D7E9}.Release|Any CPU.Build.0 = Release|Any CPU
		{D3E506AD-9820-4BF6-B96A-73F0F1F4B3C4}.Debug|Any CPU.ActiveCfg = Debug|Any CPU
		{D3E506AD-9820-4BF6-B96A-73F0F1F4B3C4}.Debug|Any CPU.Build.0 = Debug|Any CPU
		{D3E506AD-9820-4BF6-B96A-73F0F1F4B3C4}.Release|Any CPU.ActiveCfg = Release|Any CPU
		{D3E506AD-9820-4BF6-B96A-73F0F1F4B3C4}.Release|Any CPU.Build.0 = Release|Any CPU
		{52948487-FC25-4C6B-88B6-EAC134D4626C}.Debug|Any CPU.ActiveCfg = Debug|Any CPU
		{52948487-FC25-4C6B-88B6-EAC134D4626C}.Debug|Any CPU.Build.0 = Debug|Any CPU
		{52948487-FC25-4C6B-88B6-EAC134D4626C}.Release|Any CPU.ActiveCfg = Release|Any CPU
		{52948487-FC25-4C6B-88B6-EAC134D4626C}.Release|Any CPU.Build.0 = Release|Any CPU
	EndGlobalSection
EndGlobal
